// !$*UTF8*$!
{
	archiveVersion = 1;
	classes = {
	};
	objectVersion = 46;
	objects = {

/* Begin PBXBuildFile section */
		1C3CF8CB1CC0782800EB9F38 /* main.m in Sources */ = {isa = PBXBuildFile; fileRef = 1C3CF8CA1CC0782800EB9F38 /* main.m */; };
		1C3CF8CE1CC0782800EB9F38 /* AppDelegate.m in Sources */ = {isa = PBXBuildFile; fileRef = 1C3CF8CD1CC0782800EB9F38 /* AppDelegate.m */; };
		1C3CF8D11CC0782800EB9F38 /* ViewController.m in Sources */ = {isa = PBXBuildFile; fileRef = 1C3CF8D01CC0782800EB9F38 /* ViewController.m */; };
		1C3CF8D41CC0782800EB9F38 /* Main.storyboard in Resources */ = {isa = PBXBuildFile; fileRef = 1C3CF8D21CC0782800EB9F38 /* Main.storyboard */; };
		1C3CF8D61CC0782800EB9F38 /* Assets.xcassets in Resources */ = {isa = PBXBuildFile; fileRef = 1C3CF8D51CC0782800EB9F38 /* Assets.xcassets */; };
		1C3CF8D91CC0782800EB9F38 /* LaunchScreen.storyboard in Resources */ = {isa = PBXBuildFile; fileRef = 1C3CF8D71CC0782800EB9F38 /* LaunchScreen.storyboard */; };
		1C3CF8E61CC0789400EB9F38 /* BaseViewController.m in Sources */ = {isa = PBXBuildFile; fileRef = 1C3CF8E41CC0789400EB9F38 /* BaseViewController.m */; settings = {ASSET_TAGS = (); }; };
		1C3CF8E71CC0789400EB9F38 /* BaseViewController.xib in Resources */ = {isa = PBXBuildFile; fileRef = 1C3CF8E51CC0789400EB9F38 /* BaseViewController.xib */; settings = {ASSET_TAGS = (); }; };
		1C3CF8EE1CC078F300EB9F38 /* NewsViewController.m in Sources */ = {isa = PBXBuildFile; fileRef = 1C3CF8ED1CC078F300EB9F38 /* NewsViewController.m */; settings = {ASSET_TAGS = (); }; };
/* End PBXBuildFile section */

/* Begin PBXFileReference section */
		1C3CF8C61CC0782800EB9F38 /* ProjectB.app */ = {isa = PBXFileReference; explicitFileType = wrapper.application; includeInIndex = 0; path = ProjectB.app; sourceTree = BUILT_PRODUCTS_DIR; };
		1C3CF8CA1CC0782800EB9F38 /* main.m */ = {isa = PBXFileReference; lastKnownFileType = sourcecode.c.objc; path = main.m; sourceTree = "<group>"; };
		1C3CF8CC1CC0782800EB9F38 /* AppDelegate.h */ = {isa = PBXFileReference; lastKnownFileType = sourcecode.c.h; path = AppDelegate.h; sourceTree = "<group>"; };
		1C3CF8CD1CC0782800EB9F38 /* AppDelegate.m */ = {isa = PBXFileReference; lastKnownFileType = sourcecode.c.objc; path = AppDelegate.m; sourceTree = "<group>"; };
		1C3CF8CF1CC0782800EB9F38 /* ViewController.h */ = {isa = PBXFileReference; lastKnownFileType = sourcecode.c.h; path = ViewController.h; sourceTree = "<group>"; };
		1C3CF8D01CC0782800EB9F38 /* ViewController.m */ = {isa = PBXFileReference; lastKnownFileType = sourcecode.c.objc; path = ViewController.m; sourceTree = "<group>"; };
		1C3CF8D31CC0782800EB9F38 /* Base */ = {isa = PBXFileReference; lastKnownFileType = file.storyboard; name = Base; path = Base.lproj/Main.storyboard; sourceTree = "<group>"; };
		1C3CF8D51CC0782800EB9F38 /* Assets.xcassets */ = {isa = PBXFileReference; lastKnownFileType = folder.assetcatalog; path = Assets.xcassets; sourceTree = "<group>"; };
		1C3CF8D81CC0782800EB9F38 /* Base */ = {isa = PBXFileReference; lastKnownFileType = file.storyboard; name = Base; path = Base.lproj/LaunchScreen.storyboard; sourceTree = "<group>"; };
		1C3CF8DA1CC0782800EB9F38 /* Info.plist */ = {isa = PBXFileReference; lastKnownFileType = text.plist.xml; path = Info.plist; sourceTree = "<group>"; };
		1C3CF8E31CC0789400EB9F38 /* BaseViewController.h */ = {isa = PBXFileReference; fileEncoding = 4; lastKnownFileType = sourcecode.c.h; path = BaseViewController.h; sourceTree = "<group>"; };
		1C3CF8E41CC0789400EB9F38 /* BaseViewController.m */ = {isa = PBXFileReference; fileEncoding = 4; lastKnownFileType = sourcecode.c.objc; path = BaseViewController.m; sourceTree = "<group>"; };
		1C3CF8E51CC0789400EB9F38 /* BaseViewController.xib */ = {isa = PBXFileReference; fileEncoding = 4; lastKnownFileType = file.xib; path = BaseViewController.xib; sourceTree = "<group>"; };
		1C3CF8EC1CC078F300EB9F38 /* NewsViewController.h */ = {isa = PBXFileReference; fileEncoding = 4; lastKnownFileType = sourcecode.c.h; path = NewsViewController.h; sourceTree = "<group>"; };
		1C3CF8ED1CC078F300EB9F38 /* NewsViewController.m */ = {isa = PBXFileReference; fileEncoding = 4; lastKnownFileType = sourcecode.c.objc; path = NewsViewController.m; sourceTree = "<group>"; };
/* End PBXFileReference section */

/* Begin PBXFrameworksBuildPhase section */
		1C3CF8C31CC0782800EB9F38 /* Frameworks */ = {
			isa = PBXFrameworksBuildPhase;
			buildActionMask = 2147483647;
			files = (
			);
			runOnlyForDeploymentPostprocessing = 0;
		};
/* End PBXFrameworksBuildPhase section */

/* Begin PBXGroup section */
		1C3CF8BD1CC0782800EB9F38 = {
			isa = PBXGroup;
			children = (
				1C3CF8C81CC0782800EB9F38 /* ProjectB */,
				1C3CF8C71CC0782800EB9F38 /* Products */,
			);
			sourceTree = "<group>";
		};
		1C3CF8C71CC0782800EB9F38 /* Products */ = {
			isa = PBXGroup;
			children = (
				1C3CF8C61CC0782800EB9F38 /* ProjectB.app */,
			);
			name = Products;
			sourceTree = "<group>";
		};
		1C3CF8C81CC0782800EB9F38 /* ProjectB */ = {
			isa = PBXGroup;
			children = (
				1C3CF8EB1CC078F300EB9F38 /* news */,
				1C3CF8E01CC0787300EB9F38 /* base */,
				1C3CF8E21CC0787300EB9F38 /* topic */,
				1C3CF8CC1CC0782800EB9F38 /* AppDelegate.h */,
				1C3CF8CD1CC0782800EB9F38 /* AppDelegate.m */,
				1C3CF8CF1CC0782800EB9F38 /* ViewController.h */,
				1C3CF8D01CC0782800EB9F38 /* ViewController.m */,
				1C3CF8D21CC0782800EB9F38 /* Main.storyboard */,
				1C3CF8D51CC0782800EB9F38 /* Assets.xcassets */,
				1C3CF8D71CC0782800EB9F38 /* LaunchScreen.storyboard */,
				1C3CF8DA1CC0782800EB9F38 /* Info.plist */,
				1C3CF8C91CC0782800EB9F38 /* Supporting Files */,
			);
			path = ProjectB;
			sourceTree = "<group>";
		};
		1C3CF8C91CC0782800EB9F38 /* Supporting Files */ = {
			isa = PBXGroup;
			children = (
				1C3CF8CA1CC0782800EB9F38 /* main.m */,
			);
			name = "Supporting Files";
			sourceTree = "<group>";
		};
		1C3CF8E01CC0787300EB9F38 /* base */ = {
			isa = PBXGroup;
			children = (
				1C3CF8E31CC0789400EB9F38 /* BaseViewController.h */,
				1C3CF8E41CC0789400EB9F38 /* BaseViewController.m */,
				1C3CF8E51CC0789400EB9F38 /* BaseViewController.xib */,
			);
			path = base;
			sourceTree = "<group>";
		};
		1C3CF8E21CC0787300EB9F38 /* topic */ = {
			isa = PBXGroup;
			children = (
			);
			path = topic;
			sourceTree = "<group>";
		};
		1C3CF8EB1CC078F300EB9F38 /* news */ = {
			isa = PBXGroup;
			children = (
				1C3CF8EC1CC078F300EB9F38 /* NewsViewController.h */,
				1C3CF8ED1CC078F300EB9F38 /* NewsViewController.m */,
			);
			path = news;
			sourceTree = "<group>";
		};
/* End PBXGroup section */

/* Begin PBXNativeTarget section */
		1C3CF8C51CC0782800EB9F38 /* ProjectB */ = {
			isa = PBXNativeTarget;
			buildConfigurationList = 1C3CF8DD1CC0782800EB9F38 /* Build configuration list for PBXNativeTarget "ProjectB" */;
			buildPhases = (
				1C3CF8C21CC0782800EB9F38 /* Sources */,
				1C3CF8C31CC0782800EB9F38 /* Frameworks */,
				1C3CF8C41CC0782800EB9F38 /* Resources */,
			);
			buildRules = (
			);
			dependencies = (
			);
			name = ProjectB;
			productName = ProjectB;
			productReference = 1C3CF8C61CC0782800EB9F38 /* ProjectB.app */;
			productType = "com.apple.product-type.application";
		};
/* End PBXNativeTarget section */

/* Begin PBXProject section */
		1C3CF8BE1CC0782800EB9F38 /* Project object */ = {
			isa = PBXProject;
			attributes = {
				LastUpgradeCheck = 0700;
				ORGANIZATIONNAME = wenze;
				TargetAttributes = {
					1C3CF8C51CC0782800EB9F38 = {
						CreatedOnToolsVersion = 7.0;
					};
				};
			};
			buildConfigurationList = 1C3CF8C11CC0782800EB9F38 /* Build configuration list for PBXProject "ProjectB" */;
			compatibilityVersion = "Xcode 3.2";
			developmentRegion = English;
			hasScannedForEncodings = 0;
			knownRegions = (
				en,
				Base,
			);
			mainGroup = 1C3CF8BD1CC0782800EB9F38;
			productRefGroup = 1C3CF8C71CC0782800EB9F38 /* Products */;
			projectDirPath = "";
			projectRoot = "";
			targets = (
				1C3CF8C51CC0782800EB9F38 /* ProjectB */,
			);
		};
/* End PBXProject section */

/* Begin PBXResourcesBuildPhase section */
		1C3CF8C41CC0782800EB9F38 /* Resources */ = {
			isa = PBXResourcesBuildPhase;
			buildActionMask = 2147483647;
			files = (
				1C3CF8D91CC0782800EB9F38 /* LaunchScreen.storyboard in Resources */,
				1C3CF8E71CC0789400EB9F38 /* BaseViewController.xib in Resources */,
				1C3CF8D61CC0782800EB9F38 /* Assets.xcassets in Resources */,
				1C3CF8D41CC0782800EB9F38 /* Main.storyboard in Resources */,
			);
			runOnlyForDeploymentPostprocessing = 0;
		};
/* End PBXResourcesBuildPhase section */

/* Begin PBXSourcesBuildPhase section */
		1C3CF8C21CC0782800EB9F38 /* Sources */ = {
			isa = PBXSourcesBuildPhase;
			buildActionMask = 2147483647;
			files = (
				1C3CF8D11CC0782800EB9F38 /* ViewController.m in Sources */,
				1C3CF8E61CC0789400EB9F38 /* BaseViewController.m in Sources */,
				1C3CF8EE1CC078F300EB9F38 /* NewsViewController.m in Sources */,
				1C3CF8CE1CC0782800EB9F38 /* AppDelegate.m in Sources */,
				1C3CF8CB1CC0782800EB9F38 /* main.m in Sources */,
			);
			runOnlyForDeploymentPostprocessing = 0;
		};
/* End PBXSourcesBuildPhase section */

/* Begin PBXVariantGroup section */
		1C3CF8D21CC0782800EB9F38 /* Main.storyboard */ = {
			isa = PBXVariantGroup;
			children = (
				1C3CF8D31CC0782800EB9F38 /* Base */,
			);
			name = Main.storyboard;
			sourceTree = "<group>";
		};
		1C3CF8D71CC0782800EB9F38 /* LaunchScreen.storyboard */ = {
			isa = PBXVariantGroup;
			children = (
				1C3CF8D81CC0782800EB9F38 /* Base */,
			);
			name = LaunchScreen.storyboard;
			sourceTree = "<group>";
		};
/* End PBXVariantGroup section */

/* Begin XCBuildConfiguration section */
		1C3CF8DB1CC0782800EB9F38 /* Debug */ = {
			isa = XCBuildConfiguration;
			buildSettings = {
				ALWAYS_SEARCH_USER_PATHS = NO;
				CLANG_CXX_LANGUAGE_STANDARD = "gnu++0x";
				CLANG_CXX_LIBRARY = "libc++";
				CLANG_ENABLE_MODULES = YES;
				CLANG_ENABLE_OBJC_ARC = YES;
				CLANG_WARN_BOOL_CONVERSION = YES;
				CLANG_WARN_CONSTANT_CONVERSION = YES;
				CLANG_WARN_DIRECT_OBJC_ISA_USAGE = YES_ERROR;
				CLANG_WARN_EMPTY_BODY = YES;
				CLANG_WARN_ENUM_CONVERSION = YES;
				CLANG_WARN_INT_CONVERSION = YES;
				CLANG_WARN_OBJC_ROOT_CLASS = YES_ERROR;
				CLANG_WARN_UNREACHABLE_CODE = YES;
				CLANG_WARN__DUPLICATE_METHOD_MATCH = YES;
				"CODE_SIGN_IDENTITY[sdk=iphoneos*]" = "iPhone Developer";
				COPY_PHASE_STRIP = NO;
				DEBUG_INFORMATION_FORMAT = dwarf;
				ENABLE_STRICT_OBJC_MSGSEND = YES;
				ENABLE_TESTABILITY = YES;
				GCC_C_LANGUAGE_STANDARD = gnu99;
				GCC_DYNAMIC_NO_PIC = NO;
				GCC_NO_COMMON_BLOCKS = YES;
				GCC_OPTIMIZATION_LEVEL = 0;
				GCC_PREPROCESSOR_DEFINITIONS = (
					"DEBUG=1",
					"$(inherited)",
				);
				GCC_WARN_64_TO_32_BIT_CONVERSION = YES;
				GCC_WARN_ABOUT_RETURN_TYPE = YES_ERROR;
				GCC_WARN_UNDECLARED_SELECTOR = YES;
				GCC_WARN_UNINITIALIZED_AUTOS = YES_AGGRESSIVE;
				GCC_WARN_UNUSED_FUNCTION = YES;
				GCC_WARN_UNUSED_VARIABLE = YES;
				IPHONEOS_DEPLOYMENT_TARGET = 9.0;
				MTL_ENABLE_DEBUG_INFO = YES;
				ONLY_ACTIVE_ARCH = YES;
				SDKROOT = iphoneos;
			};
			name = Debug;
		};
		1C3CF8DC1CC0782800EB9F38 /* Release */ = {
			isa = XCBuildConfiguration;
			buildSettings = {
				ALWAYS_SEARCH_USER_PATHS = NO;
				CLANG_CXX_LANGUAGE_STANDARD = "gnu++0x";
				CLANG_CXX_LIBRARY = "libc++";
				CLANG_ENABLE_MODULES = YES;
				CLANG_ENABLE_OBJC_ARC = YES;
				CLANG_WARN_BOOL_CONVERSION = YES;
				CLANG_WARN_CONSTANT_CONVERSION = YES;
				CLANG_WARN_DIRECT_OBJC_ISA_USAGE = YES_ERROR;
				CLANG_WARN_EMPTY_BODY = YES;
				CLANG_WARN_ENUM_CONVERSION = YES;
				CLANG_WARN_INT_CONVERSION = YES;
				CLANG_WARN_OBJC_ROOT_CLASS = YES_ERROR;
				CLANG_WARN_UNREACHABLE_CODE = YES;
				CLANG_WARN__DUPLICATE_METHOD_MATCH = YES;
				"CODE_SIGN_IDENTITY[sdk=iphoneos*]" = "iPhone Developer";
				COPY_PHASE_STRIP = NO;
				DEBUG_INFORMATION_FORMAT = "dwarf-with-dsym";
				ENABLE_NS_ASSERTIONS = NO;
				ENABLE_STRICT_OBJC_MSGSEND = YES;
				GCC_C_LANGUAGE_STANDARD = gnu99;
				GCC_NO_COMMON_BLOCKS = YES;
				GCC_WARN_64_TO_32_BIT_CONVERSION = YES;
				GCC_WARN_ABOUT_RETURN_TYPE = YES_ERROR;
				GCC_WARN_UNDECLARED_SELECTOR = YES;
				GCC_WARN_UNINITIALIZED_AUTOS = YES_AGGRESSIVE;
				GCC_WARN_UNUSED_FUNCTION = YES;
				GCC_WARN_UNUSED_VARIABLE = YES;
				IPHONEOS_DEPLOYMENT_TARGET = 9.0;
				MTL_ENABLE_DEBUG_INFO = NO;
				SDKROOT = iphoneos;
				VALIDATE_PRODUCT = YES;
			};
			name = Release;
		};
		1C3CF8DE1CC0782800EB9F38 /* Debug */ = {
			isa = XCBuildConfiguration;
			buildSettings = {
				ASSETCATALOG_COMPILER_APPICON_NAME = AppIcon;
				INFOPLIST_FILE = ProjectB/Info.plist;
				LD_RUNPATH_SEARCH_PATHS = "$(inherited) @executable_path/Frameworks";
				PRODUCT_BUNDLE_IDENTIFIER = LO.ProjectB;
				PRODUCT_NAME = "$(TARGET_NAME)";
			};
			name = Debug;
		};
		1C3CF8DF1CC0782800EB9F38 /* Release */ = {
			isa = XCBuildConfiguration;
			buildSettings = {
				ASSETCATALOG_COMPILER_APPICON_NAME = AppIcon;
				INFOPLIST_FILE = ProjectB/Info.plist;
				LD_RUNPATH_SEARCH_PATHS = "$(inherited) @executable_path/Frameworks";
				PRODUCT_BUNDLE_IDENTIFIER = LO.ProjectB;
				PRODUCT_NAME = "$(TARGET_NAME)";
			};
			name = Release;
		};
/* End XCBuildConfiguration section */

/* Begin XCConfigurationList section */
		1C3CF8C11CC0782800EB9F38 /* Build configuration list for PBXProject "ProjectB" */ = {
			isa = XCConfigurationList;
			buildConfigurations = (
				1C3CF8DB1CC0782800EB9F38 /* Debug */,
				1C3CF8DC1CC0782800EB9F38 /* Release */,
			);
			defaultConfigurationIsVisible = 0;
			defaultConfigurationName = Release;
		};
		1C3CF8DD1CC0782800EB9F38 /* Build configuration list for PBXNativeTarget "ProjectB" */ = {
			isa = XCConfigurationList;
			buildConfigurations = (
				1C3CF8DE1CC0782800EB9F38 /* Debug */,
				1C3CF8DF1CC0782800EB9F38 /* Release */,
			);
			defaultConfigurationIsVisible = 0;
		};
/* End XCConfigurationList section */
	};
	rootObject = 1C3CF8BE1CC0782800EB9F38 /* Project object */;
}
